{
  "version": 4,
  "terraform_version": "1.14.8",
  "serial": 55,
  "lineage": "4c0b8fe7-42f5-06fb-53fb-5741e965eb99",
  "outputs": {},
  "resources": [
    {
      "mode": "managed",
      "type": "rabbitmq_binding",
      "name": "binding",
      "provider": "provider[\"registry.terraform.io/cyrilgdn/rabbitmq\"]",
      "instances": [
        {
          "schema_version": 0,
          "attributes": {
            "arguments": null,
            "arguments_json": null,
            "destination": "demo-app",
            "destination_type": "queue",
            "id": "demo-app/demo-app/demo-app/queue/demo-app-producer-tasks",
            "properties_key": "demo-app-producer-tasks",
            "routing_key": "demo-app-producer-tasks",
            "source": "demo-app",
            "vhost": "demo-app"
          },
          "sensitive_attributes": [],
          "identity_schema_version": 0,
          "private": "bnVsbA==",
          "dependencies": [
            "rabbitmq_exchange.exchange",
            "rabbitmq_queue.queue",
            "rabbitmq_vhost.application"
          ]
        }
      ]
    },
    {
      "mode": "managed",
      "type": "rabbitmq_exchange",
      "name": "exchange",
      "provider": "provider[\"registry.terraform.io/cyrilgdn/rabbitmq\"]",
      "instances": [
        {
          "schema_version": 0,
          "attributes": {
            "id": "demo-app@demo-app",
            "name": "demo-app",
            "settings": [
              {
                "arguments": null,
                "auto_delete": false,
                "durable": false,
                "type": "fanout"
              }
            ],
            "vhost": "demo-app"
          },
          "sensitive_attributes": [],
          "identity_schema_version": 0,
          "private": "bnVsbA==",
          "dependencies": [
            "rabbitmq_vhost.application"
          ]
        }
      ]
    },
    {
      "mode": "managed",
      "type": "rabbitmq_permissions",
      "name": "consumer",
      "provider": "provider[\"registry.terraform.io/cyrilgdn/rabbitmq\"]",
      "instances": [
        {
          "schema_version": 0,
          "attributes": {
            "id": "consumer@demo-app",
            "permissions": [
              {
                "configure": ".*",
                "read": ".*",
                "write": ".*"
              }
            ],
            "user": "consumer",
            "vhost": "demo-app"
          },
          "sensitive_attributes": [],
          "identity_schema_version": 0,
          "private": "bnVsbA==",
          "dependencies": [
            "rabbitmq_user.consumer",
            "rabbitmq_vhost.application"
          ]
        }
      ]
    },
    {
      "mode": "managed",
      "type": "rabbitmq_permissions",
      "name": "producer",
      "provider": "provider[\"registry.terraform.io/cyrilgdn/rabbitmq\"]",
      "instances": [
        {
          "schema_version": 0,
          "attributes": {
            "id": "producer@demo-app",
            "permissions": [
              {
                "configure": ".*",
                "read": ".*",
                "write": ".*"
              }
            ],
            "user": "producer",
            "vhost": "demo-app"
          },
          "sensitive_attributes": [],
          "identity_schema_version": 0,
          "private": "bnVsbA==",
          "dependencies": [
            "rabbitmq_user.producer",
            "rabbitmq_vhost.application"
          ]
        }
      ]
    },
    {
      "mode": "managed",
      "type": "rabbitmq_queue",
      "name": "queue",
      "provider": "provider[\"registry.terraform.io/cyrilgdn/rabbitmq\"]",
      "instances": [
        {
          "schema_version": 0,
          "attributes": {
            "id": "demo-app@demo-app",
            "name": "demo-app",
            "settings": [
              {
                "arguments": null,
                "arguments_json": "",
                "auto_delete": false,
                "durable": true
              }
            ],
            "vhost": "demo-app"
          },
          "sensitive_attributes": [],
          "identity_schema_version": 0,
          "private": "bnVsbA==",
          "dependencies": [
            "rabbitmq_vhost.application"
          ]
        }
      ]
    },
    {
      "mode": "managed",
      "type": "rabbitmq_user",
      "name": "consumer",
      "provider": "provider[\"registry.terraform.io/cyrilgdn/rabbitmq\"]",
      "instances": [
        {
          "schema_version": 0,
          "attributes": {
            "id": "consumer",
            "name": "consumer",
            "password": "consumer",
            "tags": null
          },
          "sensitive_attributes": [
            [
              {
                "type": "get_attr",
                "value": "password"
              }
            ]
          ],
          "identity_schema_version": 0,
          "private": "bnVsbA=="
        }
      ]
    },
    {
      "mode": "managed",
      "type": "rabbitmq_user",
      "name": "producer",
      "provider": "provider[\"registry.terraform.io/cyrilgdn/rabbitmq\"]",
      "instances": [
        {
          "schema_version": 0,
          "attributes": {
            "id": "producer",
            "name": "producer",
            "password": "producer",
            "tags": null
          },
          "sensitive_attributes": [
            [
              {
                "type": "get_attr",
                "value": "password"
              }
            ]
          ],
          "identity_schema_version": 0,
          "private": "bnVsbA=="
        }
      ]
    },
    {
      "mode": "managed",
      "type": "rabbitmq_vhost",
      "name": "application",
      "provider": "provider[\"registry.terraform.io/cyrilgdn/rabbitmq\"]",
      "instances": [
        {
          "schema_version": 0,
          "attributes": {
            "default_queue_type": null,
            "description": "",
            "id": "demo-app",
            "max_connections": null,
            "max_queues": null,
            "name": "demo-app",
            "tracing": false
          },
          "sensitive_attributes": [],
          "identity_schema_version": 0,
          "private": "bnVsbA=="
        }
      ]
    }
  ],
  "check_results": null
}
