{
  "version": 4,
  "terraform_version": "1.14.8",
  "serial": 163,
  "lineage": "4c0b8fe7-42f5-06fb-53fb-5741e965eb99",
  "outputs": {},
  "resources": [
    {
      "mode": "managed",
      "type": "rabbitmq_exchange",
      "name": "dlx",
      "provider": "provider[\"registry.terraform.io/cyrilgdn/rabbitmq\"]",
      "instances": [
        {
          "schema_version": 0,
          "attributes": {
            "id": "demo-app.dlx@demo-app",
            "name": "demo-app.dlx",
            "settings": [
              {
                "arguments": null,
                "auto_delete": false,
                "durable": true,
                "type": "direct"
              }
            ],
            "vhost": "demo-app"
          },
          "sensitive_attributes": [],
          "identity_schema_version": 0,
          "private": "bnVsbA==",
          "dependencies": [
            "rabbitmq_vhost.demo_app"
          ]
        }
      ]
    },
    {
      "mode": "managed",
      "type": "rabbitmq_exchange",
      "name": "events",
      "provider": "provider[\"registry.terraform.io/cyrilgdn/rabbitmq\"]",
      "instances": [
        {
          "schema_version": 0,
          "attributes": {
            "id": "demo-app.events@demo-app",
            "name": "demo-app.events",
            "settings": [
              {
                "arguments": null,
                "auto_delete": false,
                "durable": false,
                "type": "topic"
              }
            ],
            "vhost": "demo-app"
          },
          "sensitive_attributes": [],
          "identity_schema_version": 0,
          "private": "bnVsbA==",
          "dependencies": [
            "rabbitmq_vhost.demo_app"
          ]
        }
      ]
    },
    {
      "mode": "managed",
      "type": "rabbitmq_vhost",
      "name": "demo_app",
      "provider": "provider[\"registry.terraform.io/cyrilgdn/rabbitmq\"]",
      "instances": [
        {
          "schema_version": 0,
          "attributes": {
            "default_queue_type": null,
            "description": "",
            "id": "demo-app",
            "max_connections": null,
            "max_queues": null,
            "name": "demo-app",
            "tracing": false
          },
          "sensitive_attributes": [],
          "identity_schema_version": 0,
          "private": "bnVsbA=="
        }
      ]
    },
    {
      "module": "module.consumer_user",
      "mode": "managed",
      "type": "rabbitmq_permissions",
      "name": "permissions",
      "provider": "provider[\"registry.terraform.io/cyrilgdn/rabbitmq\"]",
      "instances": [
        {
          "schema_version": 0,
          "attributes": {
            "id": "svc.consumer.demo-app@demo-app",
            "permissions": [
              {
                "configure": ".*",
                "read": ".*",
                "write": ".*"
              }
            ],
            "user": "svc.consumer.demo-app",
            "vhost": "demo-app"
          },
          "sensitive_attributes": [],
          "identity_schema_version": 0,
          "private": "bnVsbA==",
          "dependencies": [
            "module.consumer_user.rabbitmq_user.user",
            "rabbitmq_vhost.demo_app"
          ]
        }
      ]
    },
    {
      "module": "module.consumer_user",
      "mode": "managed",
      "type": "rabbitmq_user",
      "name": "user",
      "provider": "provider[\"registry.terraform.io/cyrilgdn/rabbitmq\"]",
      "instances": [
        {
          "schema_version": 0,
          "attributes": {
            "id": "svc.consumer.demo-app",
            "name": "svc.consumer.demo-app",
            "password": "consumer",
            "tags": null
          },
          "sensitive_attributes": [
            [
              {
                "type": "get_attr",
                "value": "password"
              }
            ]
          ],
          "identity_schema_version": 0,
          "private": "bnVsbA=="
        }
      ]
    },
    {
      "module": "module.producer_user",
      "mode": "managed",
      "type": "rabbitmq_permissions",
      "name": "permissions",
      "provider": "provider[\"registry.terraform.io/cyrilgdn/rabbitmq\"]",
      "instances": [
        {
          "schema_version": 0,
          "attributes": {
            "id": "svc.producer.demo-app@demo-app",
            "permissions": [
              {
                "configure": ".*",
                "read": ".*",
                "write": ".*"
              }
            ],
            "user": "svc.producer.demo-app",
            "vhost": "demo-app"
          },
          "sensitive_attributes": [],
          "identity_schema_version": 0,
          "private": "bnVsbA==",
          "dependencies": [
            "module.producer_user.rabbitmq_user.user",
            "rabbitmq_vhost.demo_app"
          ]
        }
      ]
    },
    {
      "module": "module.producer_user",
      "mode": "managed",
      "type": "rabbitmq_user",
      "name": "user",
      "provider": "provider[\"registry.terraform.io/cyrilgdn/rabbitmq\"]",
      "instances": [
        {
          "schema_version": 0,
          "attributes": {
            "id": "svc.producer.demo-app",
            "name": "svc.producer.demo-app",
            "password": "producer",
            "tags": null
          },
          "sensitive_attributes": [
            [
              {
                "type": "get_attr",
                "value": "password"
              }
            ]
          ],
          "identity_schema_version": 0,
          "private": "bnVsbA=="
        }
      ]
    },
    {
      "module": "module.task_processor_queue",
      "mode": "managed",
      "type": "rabbitmq_binding",
      "name": "dlq",
      "provider": "provider[\"registry.terraform.io/cyrilgdn/rabbitmq\"]",
      "instances": [
        {
          "schema_version": 0,
          "attributes": {
            "arguments": null,
            "arguments_json": null,
            "destination": "demo-app.task-processor.dlq",
            "destination_type": "queue",
            "id": "demo-app/demo-app.dlx/demo-app.task-processor.dlq/queue/demo-app.task-processor.dlq",
            "properties_key": "demo-app.task-processor.dlq",
            "routing_key": "demo-app.task-processor.dlq",
            "source": "demo-app.dlx",
            "vhost": "demo-app"
          },
          "sensitive_attributes": [],
          "identity_schema_version": 0,
          "private": "bnVsbA==",
          "dependencies": [
            "module.task_processor_queue.rabbitmq_queue.dlq",
            "rabbitmq_exchange.dlx",
            "rabbitmq_vhost.demo_app"
          ]
        }
      ]
    },
    {
      "module": "module.task_processor_queue",
      "mode": "managed",
      "type": "rabbitmq_binding",
      "name": "main",
      "provider": "provider[\"registry.terraform.io/cyrilgdn/rabbitmq\"]",
      "instances": [
        {
          "schema_version": 0,
          "attributes": {
            "arguments": null,
            "arguments_json": null,
            "destination": "demo-app.task-processor",
            "destination_type": "queue",
            "id": "demo-app/demo-app.events/demo-app.task-processor/queue/task.process_data",
            "properties_key": "task.process_data",
            "routing_key": "task.process_data",
            "source": "demo-app.events",
            "vhost": "demo-app"
          },
          "sensitive_attributes": [],
          "identity_schema_version": 0,
          "private": "bnVsbA==",
          "dependencies": [
            "module.task_processor_queue.rabbitmq_queue.main",
            "rabbitmq_exchange.dlx",
            "rabbitmq_exchange.events",
            "rabbitmq_vhost.demo_app"
          ]
        }
      ]
    },
    {
      "module": "module.task_processor_queue",
      "mode": "managed",
      "type": "rabbitmq_queue",
      "name": "dlq",
      "provider": "provider[\"registry.terraform.io/cyrilgdn/rabbitmq\"]",
      "instances": [
        {
          "schema_version": 0,
          "attributes": {
            "id": "demo-app.task-processor.dlq@demo-app",
            "name": "demo-app.task-processor.dlq",
            "settings": [
              {
                "arguments": null,
                "arguments_json": "{\"x-max-length\":100000,\"x-message-ttl\":604800000,\"x-queue-type\":\"quorum\"}",
                "auto_delete": false,
                "durable": true
              }
            ],
            "vhost": "demo-app"
          },
          "sensitive_attributes": [],
          "identity_schema_version": 0,
          "private": "bnVsbA==",
          "dependencies": [
            "rabbitmq_vhost.demo_app"
          ]
        }
      ]
    },
    {
      "module": "module.task_processor_queue",
      "mode": "managed",
      "type": "rabbitmq_queue",
      "name": "main",
      "provider": "provider[\"registry.terraform.io/cyrilgdn/rabbitmq\"]",
      "instances": [
        {
          "schema_version": 0,
          "attributes": {
            "id": "demo-app.task-processor@demo-app",
            "name": "demo-app.task-processor",
            "settings": [
              {
                "arguments": null,
                "arguments_json": "{\"x-dead-letter-exchange\":\"demo-app.dlx\",\"x-dead-letter-routing-key\":\"demo-app.task-processor.dlq\",\"x-delivery-limit\":10,\"x-queue-type\":\"quorum\"}",
                "auto_delete": false,
                "durable": true
              }
            ],
            "vhost": "demo-app"
          },
          "sensitive_attributes": [],
          "identity_schema_version": 0,
          "private": "bnVsbA==",
          "dependencies": [
            "rabbitmq_exchange.dlx",
            "rabbitmq_vhost.demo_app"
          ]
        }
      ]
    }
  ],
  "check_results": null
}
