{
  "version": 4,
  "terraform_version": "1.14.8",
  "serial": 150,
  "lineage": "4c0b8fe7-42f5-06fb-53fb-5741e965eb99",
  "outputs": {},
  "resources": [
    {
      "mode": "managed",
      "type": "rabbitmq_exchange",
      "name": "dlx",
      "provider": "provider[\"registry.terraform.io/cyrilgdn/rabbitmq\"]",
      "instances": [
        {
          "schema_version": 0,
          "attributes": {
            "id": "dlx@demo-app",
            "name": "dlx",
            "settings": [
              {
                "arguments": {},
                "auto_delete": false,
                "durable": true,
                "type": "direct"
              }
            ],
            "vhost": "demo-app"
          },
          "sensitive_attributes": [],
          "identity_schema_version": 0,
          "private": "bnVsbA==",
          "dependencies": [
            "rabbitmq_vhost.application"
          ]
        }
      ]
    },
    {
      "mode": "managed",
      "type": "rabbitmq_exchange",
      "name": "exchange",
      "provider": "provider[\"registry.terraform.io/cyrilgdn/rabbitmq\"]",
      "instances": [
        {
          "schema_version": 0,
          "attributes": {
            "id": "demo-app@demo-app",
            "name": "demo-app",
            "settings": [
              {
                "arguments": {},
                "auto_delete": false,
                "durable": false,
                "type": "fanout"
              }
            ],
            "vhost": "demo-app"
          },
          "sensitive_attributes": [],
          "identity_schema_version": 0,
          "private": "bnVsbA==",
          "dependencies": [
            "rabbitmq_vhost.application"
          ]
        }
      ]
    },
    {
      "mode": "managed",
      "type": "rabbitmq_vhost",
      "name": "application",
      "provider": "provider[\"registry.terraform.io/cyrilgdn/rabbitmq\"]",
      "instances": [
        {
          "schema_version": 0,
          "attributes": {
            "default_queue_type": null,
            "description": "",
            "id": "demo-app",
            "max_connections": null,
            "max_queues": null,
            "name": "demo-app",
            "tracing": false
          },
          "sensitive_attributes": [],
          "identity_schema_version": 0,
          "private": "bnVsbA=="
        }
      ]
    },
    {
      "module": "module.consumer",
      "mode": "managed",
      "type": "rabbitmq_permissions",
      "name": "permissions",
      "provider": "provider[\"registry.terraform.io/cyrilgdn/rabbitmq\"]",
      "instances": [
        {
          "schema_version": 0,
          "attributes": {
            "id": "consumer@demo-app",
            "permissions": [
              {
                "configure": ".*",
                "read": ".*",
                "write": ".*"
              }
            ],
            "user": "consumer",
            "vhost": "demo-app"
          },
          "sensitive_attributes": [],
          "identity_schema_version": 0,
          "private": "bnVsbA==",
          "dependencies": [
            "module.consumer.rabbitmq_user.user",
            "rabbitmq_vhost.application"
          ]
        }
      ]
    },
    {
      "module": "module.consumer",
      "mode": "managed",
      "type": "rabbitmq_user",
      "name": "user",
      "provider": "provider[\"registry.terraform.io/cyrilgdn/rabbitmq\"]",
      "instances": [
        {
          "schema_version": 0,
          "attributes": {
            "id": "consumer",
            "name": "consumer",
            "password": "consumer",
            "tags": null
          },
          "sensitive_attributes": [
            [
              {
                "type": "get_attr",
                "value": "password"
              }
            ]
          ],
          "identity_schema_version": 0,
          "private": "bnVsbA=="
        }
      ]
    },
    {
      "module": "module.demo_app_queue",
      "mode": "managed",
      "type": "rabbitmq_binding",
      "name": "dlq",
      "provider": "provider[\"registry.terraform.io/cyrilgdn/rabbitmq\"]",
      "instances": [
        {
          "schema_version": 0,
          "attributes": {
            "arguments": {},
            "arguments_json": null,
            "destination": "demo-app-dlq",
            "destination_type": "queue",
            "id": "demo-app/dlx/demo-app-dlq/queue/demo-app-dlx",
            "properties_key": "demo-app-dlx",
            "routing_key": "demo-app-dlx",
            "source": "dlx",
            "vhost": "demo-app"
          },
          "sensitive_attributes": [],
          "identity_schema_version": 0,
          "private": "bnVsbA==",
          "dependencies": [
            "module.demo_app_queue.rabbitmq_queue.dlq",
            "rabbitmq_exchange.dlx",
            "rabbitmq_vhost.application"
          ]
        }
      ]
    },
    {
      "module": "module.demo_app_queue",
      "mode": "managed",
      "type": "rabbitmq_binding",
      "name": "main",
      "provider": "provider[\"registry.terraform.io/cyrilgdn/rabbitmq\"]",
      "instances": [
        {
          "schema_version": 0,
          "attributes": {
            "arguments": null,
            "arguments_json": null,
            "destination": "demo-app",
            "destination_type": "queue",
            "id": "demo-app/demo-app/demo-app/queue/demo-app-producer-tasks",
            "properties_key": "demo-app-producer-tasks",
            "routing_key": "demo-app-producer-tasks",
            "source": "demo-app",
            "vhost": "demo-app"
          },
          "sensitive_attributes": [],
          "identity_schema_version": 0,
          "private": "bnVsbA==",
          "dependencies": [
            "module.demo_app_queue.rabbitmq_queue.main",
            "rabbitmq_exchange.dlx",
            "rabbitmq_exchange.exchange",
            "rabbitmq_vhost.application"
          ]
        }
      ]
    },
    {
      "module": "module.demo_app_queue",
      "mode": "managed",
      "type": "rabbitmq_queue",
      "name": "dlq",
      "provider": "provider[\"registry.terraform.io/cyrilgdn/rabbitmq\"]",
      "instances": [
        {
          "schema_version": 0,
          "attributes": {
            "id": "demo-app-dlq@demo-app",
            "name": "demo-app-dlq",
            "settings": [
              {
                "arguments": {},
                "arguments_json": "{\"x-max-length\":100000,\"x-message-ttl\":604800000,\"x-queue-type\":\"quorum\"}",
                "auto_delete": false,
                "durable": true
              }
            ],
            "vhost": "demo-app"
          },
          "sensitive_attributes": [],
          "identity_schema_version": 0,
          "private": "bnVsbA==",
          "dependencies": [
            "rabbitmq_vhost.application"
          ]
        }
      ]
    },
    {
      "module": "module.demo_app_queue",
      "mode": "managed",
      "type": "rabbitmq_queue",
      "name": "main",
      "provider": "provider[\"registry.terraform.io/cyrilgdn/rabbitmq\"]",
      "instances": [
        {
          "schema_version": 0,
          "attributes": {
            "id": "demo-app@demo-app",
            "name": "demo-app",
            "settings": [
              {
                "arguments": null,
                "arguments_json": "{\"x-dead-letter-exchange\":\"dlx\",\"x-dead-letter-routing-key\":\"demo-app-dlx\",\"x-delivery-limit\":10,\"x-queue-type\":\"quorum\"}",
                "auto_delete": false,
                "durable": true
              }
            ],
            "vhost": "demo-app"
          },
          "sensitive_attributes": [],
          "identity_schema_version": 0,
          "private": "bnVsbA==",
          "dependencies": [
            "rabbitmq_exchange.dlx",
            "rabbitmq_vhost.application"
          ]
        }
      ]
    },
    {
      "module": "module.producer",
      "mode": "managed",
      "type": "rabbitmq_permissions",
      "name": "permissions",
      "provider": "provider[\"registry.terraform.io/cyrilgdn/rabbitmq\"]",
      "instances": [
        {
          "schema_version": 0,
          "attributes": {
            "id": "producer@demo-app",
            "permissions": [
              {
                "configure": ".*",
                "read": ".*",
                "write": ".*"
              }
            ],
            "user": "producer",
            "vhost": "demo-app"
          },
          "sensitive_attributes": [],
          "identity_schema_version": 0,
          "private": "bnVsbA==",
          "dependencies": [
            "module.producer.rabbitmq_user.user",
            "rabbitmq_vhost.application"
          ]
        }
      ]
    },
    {
      "module": "module.producer",
      "mode": "managed",
      "type": "rabbitmq_user",
      "name": "user",
      "provider": "provider[\"registry.terraform.io/cyrilgdn/rabbitmq\"]",
      "instances": [
        {
          "schema_version": 0,
          "attributes": {
            "id": "producer",
            "name": "producer",
            "password": "producer",
            "tags": null
          },
          "sensitive_attributes": [
            [
              {
                "type": "get_attr",
                "value": "password"
              }
            ]
          ],
          "identity_schema_version": 0,
          "private": "bnVsbA=="
        }
      ]
    }
  ],
  "check_results": null
}
